
Microsoft Visual Studio Solution File, Format Version 12.00
# Visual Studio Version 16
VisualStudioVersion = 16.0.30011.22
MinimumVisualStudioVersion = 10.0.40219.1
Project("{FAE04EC0-301F-11D3-BF4B-00C04F79EFBC}") = "sudokuCLI", "sudokuCLI.csproj", "{DB694376-93BB-4C56-873D-94BC35A89080}"
EndProject
Global
	GlobalSection(SolutionConfigurationPlatforms) = preSolution
		Debug|Any CPU = Debug|Any CPU
		Release|Any CPU = Release|Any CPU
	EndGlobalSection
	GlobalSection(ProjectConfigurationPlatforms) = postSolution
		{DB694376-93BB-4C56-873D-94BC35A89080}.Debug|Any CPU.ActiveCfg = Debug|Any CPU
		{DB694376-93BB-4C56-873D-94BC35A89080}.Debug|Any CPU.Build.0 = Debug|Any CPU
		{DB694376-93BB-4C56-873D-94BC35A89080}.Release|Any CPU.ActiveCfg = Release|Any CPU
		{DB694376-93BB-4C56-873D-94BC35A89080}.Release|Any CPU.Build.0 = Release|Any CPU
	EndGlobalSection
	GlobalSection(SolutionProperties) = preSolution
		HideSolutionNode = FALSE
	EndGlobalSection
	GlobalSection(ExtensibilityGlobals) = postSolution
		SolutionGuid = {E06C7E99-E17C-4347-B7FE-765D67FC4149}
	EndGlobalSection
EndGlobal
