
Microsoft Visual Studio Solution File, Format Version 12.00
# Visual Studio 15
VisualStudioVersion = 15.0.28307.168
MinimumVisualStudioVersion = 10.0.40219.1
Project("{FAE04EC0-301F-11D3-BF4B-00C04F79EFBC}") = "Projekt Munkaxd", "Projekt Munkaxd\Projekt Munkaxd.csproj", "{CC117F00-9D34-4DF9-8A51-01B7035D6F7B}"
EndProject
Global
	GlobalSection(SolutionConfigurationPlatforms) = preSolution
		Debug|Any CPU = Debug|Any CPU
		Release|Any CPU = Release|Any CPU
	EndGlobalSection
	GlobalSection(ProjectConfigurationPlatforms) = postSolution
		{CC117F00-9D34-4DF9-8A51-01B7035D6F7B}.Debug|Any CPU.ActiveCfg = Debug|Any CPU
		{CC117F00-9D34-4DF9-8A51-01B7035D6F7B}.Debug|Any CPU.Build.0 = Debug|Any CPU
		{CC117F00-9D34-4DF9-8A51-01B7035D6F7B}.Release|Any CPU.ActiveCfg = Release|Any CPU
		{CC117F00-9D34-4DF9-8A51-01B7035D6F7B}.Release|Any CPU.Build.0 = Release|Any CPU
	EndGlobalSection
	GlobalSection(SolutionProperties) = preSolution
		HideSolutionNode = FALSE
	EndGlobalSection
	GlobalSection(ExtensibilityGlobals) = postSolution
		SolutionGuid = {4B42610F-F251-434F-B6B1-652ADB285E4E}
	EndGlobalSection
EndGlobal
