
Microsoft Visual Studio Solution File, Format Version 12.00
# Visual Studio Version 16
VisualStudioVersion = 16.0.29509.3
MinimumVisualStudioVersion = 10.0.40219.1
Project("{FAE04EC0-301F-11D3-BF4B-00C04F79EFBC}") = "eUtazas_Delutan_Erettsegi", "eUtazas_Delutan_Erettsegi\eUtazas_Delutan_Erettsegi.csproj", "{865CE9F2-E122-4ED1-9F75-1FBD0BF1E41A}"
EndProject
Global
	GlobalSection(SolutionConfigurationPlatforms) = preSolution
		Debug|Any CPU = Debug|Any CPU
		Release|Any CPU = Release|Any CPU
	EndGlobalSection
	GlobalSection(ProjectConfigurationPlatforms) = postSolution
		{865CE9F2-E122-4ED1-9F75-1FBD0BF1E41A}.Debug|Any CPU.ActiveCfg = Debug|Any CPU
		{865CE9F2-E122-4ED1-9F75-1FBD0BF1E41A}.Debug|Any CPU.Build.0 = Debug|Any CPU
		{865CE9F2-E122-4ED1-9F75-1FBD0BF1E41A}.Release|Any CPU.ActiveCfg = Release|Any CPU
		{865CE9F2-E122-4ED1-9F75-1FBD0BF1E41A}.Release|Any CPU.Build.0 = Release|Any CPU
	EndGlobalSection
	GlobalSection(SolutionProperties) = preSolution
		HideSolutionNode = FALSE
	EndGlobalSection
	GlobalSection(ExtensibilityGlobals) = postSolution
		SolutionGuid = {8E64F18A-5A21-480F-AE3C-24885B8773DE}
	EndGlobalSection
EndGlobal
